Microsoft Visual Studio Solution File, Format Version 12.00
# Visual Studio Version 16
VisualStudioVersion = 16.0.30330.147
MinimumVisualStudioVersion = 10.0.40219.1
Project("{DDAD6EF0-E7F4-11EB-BA80-0242AC130004}") = "LessRareOutfits", "LessRareOutfits\LessRareOutfits.csproj", "{BAADCCF6-E7F4-11EB-BA80-0242AC130004}"
EndProject
Global
	GlobalSection(SolutionConfigurationPlatforms) = preSolution
		Debug|Any CPU = Debug|Any CPU
		Release|Any CPU = Release|Any CPU
	EndGlobalSection
	GlobalSection(ProjectConfigurationPlatforms) = postSolution
		{BAADCCF6-E7F4-11EB-BA80-0242AC130004}.Debug|Any CPU.ActiveCfg = Debug|Any CPU
		{BAADCCF6-E7F4-11EB-BA80-0242AC130004}.Debug|Any CPU.Build.0 = Debug|Any CPU
		{BAADCCF6-E7F4-11EB-BA80-0242AC130004}.Release|Any CPU.ActiveCfg = Release|Any CPU
		{BAADCCF6-E7F4-11EB-BA80-0242AC130004}.Release|Any CPU.Build.0 = Release|Any CPU
	EndGlobalSection
	GlobalSection(SolutionProperties) = preSolution
		HideSolutionNode = FALSE
	EndGlobalSection
	GlobalSection(ExtensibilityGlobals) = postSolution
		SolutionGuid = {F9685BB4-E7F4-11EB-BA80-0242AC130004}
	EndGlobalSection
EndGlobal
